lockfileVersion: 5.4

specifiers:
  '@rollup/pluginutils': ^4.2.1
  '@svgr/core': ^6.2.1
  '@types/node': ^18.0.0
  typescript: ^4.7.4
  vite: ^2.9.12

dependencies:
  '@rollup/pluginutils': 4.2.1
  '@svgr/core': 6.2.1

devDependencies:
  '@types/node': 18.0.0
  typescript: 4.7.4
  vite: 2.9.12

packages:

  /@ampproject/remapping/2.2.0:
    resolution: {integrity: sha512-qRmjj8nj9qmLTQXXmaR1cck3UXSRMPrbsLJAasZpF+t3riI71BXed5ebIOYwQntykeZuhjsdweEc9BxH5Jc26w==}
    engines: {node: '>=6.0.0'}
    dependencies:
      '@jridgewell/gen-mapping': 0.1.1
      '@jridgewell/trace-mapping': 0.3.9
    dev: false

  /@babel/code-frame/7.16.7:
    resolution: {integrity: sha512-iAXqUn8IIeBTNd72xsFlgaXHkMBMt6y4HJp1tIaK465CWLT/fG1aqB7ykr95gHHmlBdGbFeWWfyB4NJJ0nmeIg==}
    engines: {node: '>=6.9.0'}
    dependencies:
      '@babel/highlight': 7.17.9
    dev: false

  /@babel/compat-data/7.17.10:
    resolution: {integrity: sha512-GZt/TCsG70Ms19gfZO1tM4CVnXsPgEPBCpJu+Qz3L0LUDsY5nZqFZglIoPC1kIYOtNBZlrnFT+klg12vFGZXrw==}
    engines: {node: '>=6.9.0'}
    dev: false

  /@babel/core/7.17.10:
    resolution: {integrity: sha512-liKoppandF3ZcBnIYFjfSDHZLKdLHGJRkoWtG8zQyGJBQfIYobpnVGI5+pLBNtS6psFLDzyq8+h5HiVljW9PNA==}
    engines: {node: '>=6.9.0'}
    dependencies:
      '@ampproject/remapping': 2.2.0
      '@babel/code-frame': 7.16.7
      '@babel/generator': 7.17.10
      '@babel/helper-compilation-targets': 7.17.10_@babel+core@7.17.10
      '@babel/helper-module-transforms': 7.17.7
      '@babel/helpers': 7.17.9
      '@babel/parser': 7.17.10
      '@babel/template': 7.16.7
      '@babel/traverse': 7.17.10
      '@babel/types': 7.17.10
      convert-source-map: 1.8.0
      debug: 4.3.4
      gensync: 1.0.0-beta.2
      json5: 2.2.1
      semver: 6.3.0
    transitivePeerDependencies:
      - supports-color
    dev: false

  /@babel/generator/7.17.10:
    resolution: {integrity: sha512-46MJZZo9y3o4kmhBVc7zW7i8dtR1oIK/sdO5NcfcZRhTGYi+KKJRtHNgsU6c4VUcJmUNV/LQdebD/9Dlv4K+Tg==}
    engines: {node: '>=6.9.0'}
    dependencies:
      '@babel/types': 7.17.10
      '@jridgewell/gen-mapping': 0.1.1
      jsesc: 2.5.2
    dev: false

  /@babel/helper-compilation-targets/7.17.10_@babel+core@7.17.10:
    resolution: {integrity: sha512-gh3RxjWbauw/dFiU/7whjd0qN9K6nPJMqe6+Er7rOavFh0CQUSwhAE3IcTho2rywPJFxej6TUUHDkWcYI6gGqQ==}
    engines: {node: '>=6.9.0'}
    peerDependencies:
      '@babel/core': ^7.0.0
    dependencies:
      '@babel/compat-data': 7.17.10
      '@babel/core': 7.17.10
      '@babel/helper-validator-option': 7.16.7
      browserslist: 4.20.3
      semver: 6.3.0
    dev: false

  /@babel/helper-environment-visitor/7.16.7:
    resolution: {integrity: sha512-SLLb0AAn6PkUeAfKJCCOl9e1R53pQlGAfc4y4XuMRZfqeMYLE0dM1LMhqbGAlGQY0lfw5/ohoYWAe9V1yibRag==}
    engines: {node: '>=6.9.0'}
    dependencies:
      '@babel/types': 7.17.10
    dev: false

  /@babel/helper-function-name/7.17.9:
    resolution: {integrity: sha512-7cRisGlVtiVqZ0MW0/yFB4atgpGLWEHUVYnb448hZK4x+vih0YO5UoS11XIYtZYqHd0dIPMdUSv8q5K4LdMnIg==}
    engines: {node: '>=6.9.0'}
    dependencies:
      '@babel/template': 7.16.7
      '@babel/types': 7.17.10
    dev: false

  /@babel/helper-hoist-variables/7.16.7:
    resolution: {integrity: sha512-m04d/0Op34H5v7pbZw6pSKP7weA6lsMvfiIAMeIvkY/R4xQtBSMFEigu9QTZ2qB/9l22vsxtM8a+Q8CzD255fg==}
    engines: {node: '>=6.9.0'}
    dependencies:
      '@babel/types': 7.17.10
    dev: false

  /@babel/helper-module-imports/7.16.7:
    resolution: {integrity: sha512-LVtS6TqjJHFc+nYeITRo6VLXve70xmq7wPhWTqDJusJEgGmkAACWwMiTNrvfoQo6hEhFwAIixNkvB0jPXDL8Wg==}
    engines: {node: '>=6.9.0'}
    dependencies:
      '@babel/types': 7.17.10
    dev: false

  /@babel/helper-module-transforms/7.17.7:
    resolution: {integrity: sha512-VmZD99F3gNTYB7fJRDTi+u6l/zxY0BE6OIxPSU7a50s6ZUQkHwSDmV92FfM+oCG0pZRVojGYhkR8I0OGeCVREw==}
    engines: {node: '>=6.9.0'}
    dependencies:
      '@babel/helper-environment-visitor': 7.16.7
      '@babel/helper-module-imports': 7.16.7
      '@babel/helper-simple-access': 7.17.7
      '@babel/helper-split-export-declaration': 7.16.7
      '@babel/helper-validator-identifier': 7.16.7
      '@babel/template': 7.16.7
      '@babel/traverse': 7.17.10
      '@babel/types': 7.17.10
    transitivePeerDependencies:
      - supports-color
    dev: false

  /@babel/helper-simple-access/7.17.7:
    resolution: {integrity: sha512-txyMCGroZ96i+Pxr3Je3lzEJjqwaRC9buMUgtomcrLe5Nd0+fk1h0LLA+ixUF5OW7AhHuQ7Es1WcQJZmZsz2XA==}
    engines: {node: '>=6.9.0'}
    dependencies:
      '@babel/types': 7.17.10
    dev: false

  /@babel/helper-split-export-declaration/7.16.7:
    resolution: {integrity: sha512-xbWoy/PFoxSWazIToT9Sif+jJTlrMcndIsaOKvTA6u7QEo7ilkRZpjew18/W3c7nm8fXdUDXh02VXTbZ0pGDNw==}
    engines: {node: '>=6.9.0'}
    dependencies:
      '@babel/types': 7.17.10
    dev: false

  /@babel/helper-validator-identifier/7.16.7:
    resolution: {integrity: sha512-hsEnFemeiW4D08A5gUAZxLBTXpZ39P+a+DGDsHw1yxqyQ/jzFEnxf5uTEGp+3bzAbNOxU1paTgYS4ECU/IgfDw==}
    engines: {node: '>=6.9.0'}
    dev: false

  /@babel/helper-validator-option/7.16.7:
    resolution: {integrity: sha512-TRtenOuRUVo9oIQGPC5G9DgK4743cdxvtOw0weQNpZXaS16SCBi5MNjZF8vba3ETURjZpTbVn7Vvcf2eAwFozQ==}
    engines: {node: '>=6.9.0'}
    dev: false

  /@babel/helpers/7.17.9:
    resolution: {integrity: sha512-cPCt915ShDWUEzEp3+UNRktO2n6v49l5RSnG9M5pS24hA+2FAc5si+Pn1i4VVbQQ+jh+bIZhPFQOJOzbrOYY1Q==}
    engines: {node: '>=6.9.0'}
    dependencies:
      '@babel/template': 7.16.7
      '@babel/traverse': 7.17.10
      '@babel/types': 7.17.10
    transitivePeerDependencies:
      - supports-color
    dev: false

  /@babel/highlight/7.17.9:
    resolution: {integrity: sha512-J9PfEKCbFIv2X5bjTMiZu6Vf341N05QIY+d6FvVKynkG1S7G0j3I0QoRtWIrXhZ+/Nlb5Q0MzqL7TokEJ5BNHg==}
    engines: {node: '>=6.9.0'}
    dependencies:
      '@babel/helper-validator-identifier': 7.16.7
      chalk: 2.4.2
      js-tokens: 4.0.0
    dev: false

  /@babel/parser/7.17.10:
    resolution: {integrity: sha512-n2Q6i+fnJqzOaq2VkdXxy2TCPCWQZHiCo0XqmrCvDWcZQKRyZzYi4Z0yxlBuN0w+r2ZHmre+Q087DSrw3pbJDQ==}
    engines: {node: '>=6.0.0'}
    hasBin: true
    dependencies:
      '@babel/types': 7.17.10
    dev: false

  /@babel/template/7.16.7:
    resolution: {integrity: sha512-I8j/x8kHUrbYRTUxXrrMbfCa7jxkE7tZre39x3kjr9hvI82cK1FfqLygotcWN5kdPGWcLdWMHpSBavse5tWw3w==}
    engines: {node: '>=6.9.0'}
    dependencies:
      '@babel/code-frame': 7.16.7
      '@babel/parser': 7.17.10
      '@babel/types': 7.17.10
    dev: false

  /@babel/traverse/7.17.10:
    resolution: {integrity: sha512-VmbrTHQteIdUUQNTb+zE12SHS/xQVIShmBPhlNP12hD5poF2pbITW1Z4172d03HegaQWhLffdkRJYtAzp0AGcw==}
    engines: {node: '>=6.9.0'}
    dependencies:
      '@babel/code-frame': 7.16.7
      '@babel/generator': 7.17.10
      '@babel/helper-environment-visitor': 7.16.7
      '@babel/helper-function-name': 7.17.9
      '@babel/helper-hoist-variables': 7.16.7
      '@babel/helper-split-export-declaration': 7.16.7
      '@babel/parser': 7.17.10
      '@babel/types': 7.17.10
      debug: 4.3.4
      globals: 11.12.0
    transitivePeerDependencies:
      - supports-color
    dev: false

  /@babel/types/7.17.10:
    resolution: {integrity: sha512-9O26jG0mBYfGkUYCYZRnBwbVLd1UZOICEr2Em6InB6jVfsAv1GKgwXHmrSg+WFWDmeKTA6vyTZiN8tCSM5Oo3A==}
    engines: {node: '>=6.9.0'}
    dependencies:
      '@babel/helper-validator-identifier': 7.16.7
      to-fast-properties: 2.0.0
    dev: false

  /@jridgewell/gen-mapping/0.1.1:
    resolution: {integrity: sha512-sQXCasFk+U8lWYEe66WxRDOE9PjVz4vSM51fTu3Hw+ClTpUSQb718772vH3pyS5pShp6lvQM7SxgIDXXXmOX7w==}
    engines: {node: '>=6.0.0'}
    dependencies:
      '@jridgewell/set-array': 1.1.0
      '@jridgewell/sourcemap-codec': 1.4.11
    dev: false

  /@jridgewell/resolve-uri/3.0.6:
    resolution: {integrity: sha512-R7xHtBSNm+9SyvpJkdQl+qrM3Hm2fea3Ef197M3mUug+v+yR+Rhfbs7PBtcBUVnIWJ4JcAdjvij+c8hXS9p5aw==}
    engines: {node: '>=6.0.0'}
    dev: false

  /@jridgewell/set-array/1.1.0:
    resolution: {integrity: sha512-SfJxIxNVYLTsKwzB3MoOQ1yxf4w/E6MdkvTgrgAt1bfxjSrLUoHMKrDOykwN14q65waezZIdqDneUIPh4/sKxg==}
    engines: {node: '>=6.0.0'}
    dev: false

  /@jridgewell/sourcemap-codec/1.4.11:
    resolution: {integrity: sha512-Fg32GrJo61m+VqYSdRSjRXMjQ06j8YIYfcTqndLYVAaHmroZHLJZCydsWBOTDqXS2v+mjxohBWEMfg97GXmYQg==}
    dev: false

  /@jridgewell/trace-mapping/0.3.9:
    resolution: {integrity: sha512-3Belt6tdc8bPgAtbcmdtNJlirVoTmEb5e2gC94PnkwEW9jI6CAHUeoG85tjWP5WquqfavoMtMwiG4P926ZKKuQ==}
    dependencies:
      '@jridgewell/resolve-uri': 3.0.6
      '@jridgewell/sourcemap-codec': 1.4.11
    dev: false

  /@rollup/pluginutils/4.2.1:
    resolution: {integrity: sha512-iKnFXr7NkdZAIHiIWE+BX5ULi/ucVFYWD6TbAV+rZctiRTY2PL6tsIKhoIOaoskiWAkgu+VsbXgUVDNLHf+InQ==}
    engines: {node: '>= 8.0.0'}
    dependencies:
      estree-walker: 2.0.2
      picomatch: 2.3.1
    dev: false

  /@svgr/babel-plugin-add-jsx-attribute/6.0.0_@babel+core@7.17.10:
    resolution: {integrity: sha512-MdPdhdWLtQsjd29Wa4pABdhWbaRMACdM1h31BY+c6FghTZqNGT7pEYdBoaGeKtdTOBC/XNFQaKVj+r/Ei2ryWA==}
    engines: {node: '>=10'}
    peerDependencies:
      '@babel/core': ^7.0.0-0
    dependencies:
      '@babel/core': 7.17.10
    dev: false

  /@svgr/babel-plugin-remove-jsx-attribute/6.0.0_@babel+core@7.17.10:
    resolution: {integrity: sha512-aVdtfx9jlaaxc3unA6l+M9YRnKIZjOhQPthLKqmTXC8UVkBLDRGwPKo+r8n3VZN8B34+yVajzPTZ+ptTSuZZCw==}
    engines: {node: '>=10'}
    peerDependencies:
      '@babel/core': ^7.0.0-0
    dependencies:
      '@babel/core': 7.17.10
    dev: false

  /@svgr/babel-plugin-remove-jsx-empty-expression/6.0.0_@babel+core@7.17.10:
    resolution: {integrity: sha512-Ccj42ApsePD451AZJJf1QzTD1B/BOU392URJTeXFxSK709i0KUsGtbwyiqsKu7vsYxpTM0IA5clAKDyf9RCZyA==}
    engines: {node: '>=10'}
    peerDependencies:
      '@babel/core': ^7.0.0-0
    dependencies:
      '@babel/core': 7.17.10
    dev: false

  /@svgr/babel-plugin-replace-jsx-attribute-value/6.0.0_@babel+core@7.17.10:
    resolution: {integrity: sha512-88V26WGyt1Sfd1emBYmBJRWMmgarrExpKNVmI9vVozha4kqs6FzQJ/Kp5+EYli1apgX44518/0+t9+NU36lThQ==}
    engines: {node: '>=10'}
    peerDependencies:
      '@babel/core': ^7.0.0-0
    dependencies:
      '@babel/core': 7.17.10
    dev: false

  /@svgr/babel-plugin-svg-dynamic-title/6.0.0_@babel+core@7.17.10:
    resolution: {integrity: sha512-F7YXNLfGze+xv0KMQxrl2vkNbI9kzT9oDK55/kUuymh1ACyXkMV+VZWX1zEhSTfEKh7VkHVZGmVtHg8eTZ6PRg==}
    engines: {node: '>=10'}
    peerDependencies:
      '@babel/core': ^7.0.0-0
    dependencies:
      '@babel/core': 7.17.10
    dev: false

  /@svgr/babel-plugin-svg-em-dimensions/6.0.0_@babel+core@7.17.10:
    resolution: {integrity: sha512-+rghFXxdIqJNLQK08kwPBD3Z22/0b2tEZ9lKiL/yTfuyj1wW8HUXu4bo/XkogATIYuXSghVQOOCwURXzHGKyZA==}
    engines: {node: '>=10'}
    peerDependencies:
      '@babel/core': ^7.0.0-0
    dependencies:
      '@babel/core': 7.17.10
    dev: false

  /@svgr/babel-plugin-transform-react-native-svg/6.0.0_@babel+core@7.17.10:
    resolution: {integrity: sha512-VaphyHZ+xIKv5v0K0HCzyfAaLhPGJXSk2HkpYfXIOKb7DjLBv0soHDxNv6X0vr2titsxE7klb++u7iOf7TSrFQ==}
    engines: {node: '>=10'}
    peerDependencies:
      '@babel/core': ^7.0.0-0
    dependencies:
      '@babel/core': 7.17.10
    dev: false

  /@svgr/babel-plugin-transform-svg-component/6.2.0_@babel+core@7.17.10:
    resolution: {integrity: sha512-bhYIpsORb++wpsp91fymbFkf09Z/YEKR0DnFjxvN+8JHeCUD2unnh18jIMKnDJTWtvpTaGYPXELVe4OOzFI0xg==}
    engines: {node: '>=12'}
    peerDependencies:
      '@babel/core': ^7.0.0-0
    dependencies:
      '@babel/core': 7.17.10
    dev: false

  /@svgr/babel-preset/6.2.0_@babel+core@7.17.10:
    resolution: {integrity: sha512-4WQNY0J71JIaL03DRn0vLiz87JXx0b9dYm2aA8XHlQJQoixMl4r/soYHm8dsaJZ3jWtkCiOYy48dp9izvXhDkQ==}
    engines: {node: '>=10'}
    peerDependencies:
      '@babel/core': ^7.0.0-0
    dependencies:
      '@babel/core': 7.17.10
      '@svgr/babel-plugin-add-jsx-attribute': 6.0.0_@babel+core@7.17.10
      '@svgr/babel-plugin-remove-jsx-attribute': 6.0.0_@babel+core@7.17.10
      '@svgr/babel-plugin-remove-jsx-empty-expression': 6.0.0_@babel+core@7.17.10
      '@svgr/babel-plugin-replace-jsx-attribute-value': 6.0.0_@babel+core@7.17.10
      '@svgr/babel-plugin-svg-dynamic-title': 6.0.0_@babel+core@7.17.10
      '@svgr/babel-plugin-svg-em-dimensions': 6.0.0_@babel+core@7.17.10
      '@svgr/babel-plugin-transform-react-native-svg': 6.0.0_@babel+core@7.17.10
      '@svgr/babel-plugin-transform-svg-component': 6.2.0_@babel+core@7.17.10
    dev: false

  /@svgr/core/6.2.1:
    resolution: {integrity: sha512-NWufjGI2WUyrg46mKuySfviEJ6IxHUOm/8a3Ph38VCWSp+83HBraCQrpEM3F3dB6LBs5x8OElS8h3C0oOJaJAA==}
    engines: {node: '>=10'}
    dependencies:
      '@svgr/plugin-jsx': 6.2.1_@svgr+core@6.2.1
      camelcase: 6.3.0
      cosmiconfig: 7.0.1
    transitivePeerDependencies:
      - supports-color
    dev: false

  /@svgr/hast-util-to-babel-ast/6.2.1:
    resolution: {integrity: sha512-pt7MMkQFDlWJVy9ULJ1h+hZBDGFfSCwlBNW1HkLnVi7jUhyEXUaGYWi1x6bM2IXuAR9l265khBT4Av4lPmaNLQ==}
    engines: {node: '>=10'}
    dependencies:
      '@babel/types': 7.17.10
      entities: 3.0.1
    dev: false

  /@svgr/plugin-jsx/6.2.1_@svgr+core@6.2.1:
    resolution: {integrity: sha512-u+MpjTsLaKo6r3pHeeSVsh9hmGRag2L7VzApWIaS8imNguqoUwDq/u6U/NDmYs/KAsrmtBjOEaAAPbwNGXXp1g==}
    engines: {node: '>=10'}
    peerDependencies:
      '@svgr/core': ^6.0.0
    dependencies:
      '@babel/core': 7.17.10
      '@svgr/babel-preset': 6.2.0_@babel+core@7.17.10
      '@svgr/core': 6.2.1
      '@svgr/hast-util-to-babel-ast': 6.2.1
      svg-parser: 2.0.4
    transitivePeerDependencies:
      - supports-color
    dev: false

  /@types/node/18.0.0:
    resolution: {integrity: sha512-cHlGmko4gWLVI27cGJntjs/Sj8th9aYwplmZFwmmgYQQvL5NUsgVJG7OddLvNfLqYS31KFN0s3qlaD9qCaxACA==}
    dev: true

  /@types/parse-json/4.0.0:
    resolution: {integrity: sha512-//oorEZjL6sbPcKUaCdIGlIUeH26mgzimjBB77G6XRgnDl/L5wOnpyBGRe/Mmf5CVW3PwEBE1NjiMZ/ssFh4wA==}
    dev: false

  /ansi-styles/3.2.1:
    resolution: {integrity: sha512-VT0ZI6kZRdTh8YyJw3SMbYm/u+NqfsAxEpWO0Pf9sq8/e94WxxOpPKx9FR1FlyCtOVDNOQ+8ntlqFxiRc+r5qA==}
    engines: {node: '>=4'}
    dependencies:
      color-convert: 1.9.3
    dev: false

  /browserslist/4.20.3:
    resolution: {integrity: sha512-NBhymBQl1zM0Y5dQT/O+xiLP9/rzOIQdKM/eMJBAq7yBgaB6krIYLGejrwVYnSHZdqjscB1SPuAjHwxjvN6Wdg==}
    engines: {node: ^6 || ^7 || ^8 || ^9 || ^10 || ^11 || ^12 || >=13.7}
    hasBin: true
    dependencies:
      caniuse-lite: 1.0.30001334
      electron-to-chromium: 1.4.129
      escalade: 3.1.1
      node-releases: 2.0.4
      picocolors: 1.0.0
    dev: false

  /callsites/3.1.0:
    resolution: {integrity: sha512-P8BjAsXvZS+VIDUI11hHCQEv74YT67YUi5JJFNWIqL235sBmjX4+qx9Muvls5ivyNENctx46xQLQ3aTuE7ssaQ==}
    engines: {node: '>=6'}
    dev: false

  /camelcase/6.3.0:
    resolution: {integrity: sha512-Gmy6FhYlCY7uOElZUSbxo2UCDH8owEk996gkbrpsgGtrJLM3J7jGxl9Ic7Qwwj4ivOE5AWZWRMecDdF7hqGjFA==}
    engines: {node: '>=10'}
    dev: false

  /caniuse-lite/1.0.30001334:
    resolution: {integrity: sha512-kbaCEBRRVSoeNs74sCuq92MJyGrMtjWVfhltoHUCW4t4pXFvGjUBrfo47weBRViHkiV3eBYyIsfl956NtHGazw==}
    dev: false

  /chalk/2.4.2:
    resolution: {integrity: sha512-Mti+f9lpJNcwF4tWV8/OrTTtF1gZi+f8FqlyAdouralcFWFQWF2+NgCHShjkCb+IFBLq9buZwE1xckQU4peSuQ==}
    engines: {node: '>=4'}
    dependencies:
      ansi-styles: 3.2.1
      escape-string-regexp: 1.0.5
      supports-color: 5.5.0
    dev: false

  /color-convert/1.9.3:
    resolution: {integrity: sha512-QfAUtd+vFdAtFQcC8CCyYt1fYWxSqAiK2cSD6zDB8N3cpsEBAvRxp9zOGg6G/SHHJYAT88/az/IuDGALsNVbGg==}
    dependencies:
      color-name: 1.1.3
    dev: false

  /color-name/1.1.3:
    resolution: {integrity: sha512-72fSenhMw2HZMTVHeCA9KCmpEIbzWiQsjN+BHcBbS9vr1mtt+vJjPdksIBNUmKAW8TFUDPJK5SUU3QhE9NEXDw==}
    dev: false

  /convert-source-map/1.8.0:
    resolution: {integrity: sha512-+OQdjP49zViI/6i7nIJpA8rAl4sV/JdPfU9nZs3VqOwGIgizICvuN2ru6fMd+4llL0tar18UYJXfZ/TWtmhUjA==}
    dependencies:
      safe-buffer: 5.1.2
    dev: false

  /cosmiconfig/7.0.1:
    resolution: {integrity: sha512-a1YWNUV2HwGimB7dU2s1wUMurNKjpx60HxBB6xUM8Re+2s1g1IIfJvFR0/iCF+XHdE0GMTKTuLR32UQff4TEyQ==}
    engines: {node: '>=10'}
    dependencies:
      '@types/parse-json': 4.0.0
      import-fresh: 3.3.0
      parse-json: 5.2.0
      path-type: 4.0.0
      yaml: 1.10.2
    dev: false

  /debug/4.3.4:
    resolution: {integrity: sha512-PRWFHuSU3eDtQJPvnNY7Jcket1j0t5OuOsFzPPzsekD52Zl8qUfFIPEiswXqIvHWGVHOgX+7G/vCNNhehwxfkQ==}
    engines: {node: '>=6.0'}
    peerDependencies:
      supports-color: '*'
    peerDependenciesMeta:
      supports-color:
        optional: true
    dependencies:
      ms: 2.1.2
    dev: false

  /electron-to-chromium/1.4.129:
    resolution: {integrity: sha512-GgtN6bsDtHdtXJtlMYZWGB/uOyjZWjmRDumXTas7dGBaB9zUyCjzHet1DY2KhyHN8R0GLbzZWqm4efeddqqyRQ==}
    dev: false

  /entities/3.0.1:
    resolution: {integrity: sha512-WiyBqoomrwMdFG1e0kqvASYfnlb0lp8M5o5Fw2OFq1hNZxxcNk8Ik0Xm7LxzBhuidnZB/UtBqVCgUz3kBOP51Q==}
    engines: {node: '>=0.12'}
    dev: false

  /error-ex/1.3.2:
    resolution: {integrity: sha512-7dFHNmqeFSEt2ZBsCriorKnn3Z2pj+fd9kmI6QoWw4//DL+icEBfc0U7qJCisqrTsKTjw4fNFy2pW9OqStD84g==}
    dependencies:
      is-arrayish: 0.2.1
    dev: false

  /esbuild-android-64/0.14.46:
    resolution: {integrity: sha512-ZyJqwAcjNbZprs0ZAxnUAOhEhdE5kTKwz+CZuLmZYNLAPyRgBtaC8pT2PCuPifNvV8Cl3yLlrQPaOCjovoyb5g==}
    engines: {node: '>=12'}
    cpu: [x64]
    os: [android]
    requiresBuild: true
    dev: true
    optional: true

  /esbuild-android-arm64/0.14.46:
    resolution: {integrity: sha512-BKcnUksvCijO9ONv6b4SikZE/OZftwJvX91XROODZGQmuwGVg97jmLDVu3lxuHdFlMNNzxh8taJ2mbCWZzH/Iw==}
    engines: {node: '>=12'}
    cpu: [arm64]
    os: [android]
    requiresBuild: true
    dev: true
    optional: true

  /esbuild-darwin-64/0.14.46:
    resolution: {integrity: sha512-/ss2kO92sUJ9/1nHnMb3+oab8w6dyqKrMtPMvSYJ9KZIYGAZxz/WYxfFprY7Xk+ZxWnnlASSyZlG+If1nVmFYg==}
    engines: {node: '>=12'}
    cpu: [x64]
    os: [darwin]
    requiresBuild: true
    dev: true
    optional: true

  /esbuild-darwin-arm64/0.14.46:
    resolution: {integrity: sha512-WX0JOaEFf6t+rIjXO6THsf/0fhQAt2Zb0/PSYlvXnuQQAmOmFAfPsuRNocp5ME0NGaUqZd4FxqqmLEVK3RzPAg==}
    engines: {node: '>=12'}
    cpu: [arm64]
    os: [darwin]
    requiresBuild: true
    dev: true
    optional: true

  /esbuild-freebsd-64/0.14.46:
    resolution: {integrity: sha512-o+ozPFuHRCAGCVWU2bLurOUgVkT0jcPEu082VBUY2Q/yLf+B+/3nXzh4Fjp5O21tOvJRTn7hUVydG9j5+vYE6A==}
    engines: {node: '>=12'}
    cpu: [x64]
    os: [freebsd]
    requiresBuild: true
    dev: true
    optional: true

  /esbuild-freebsd-arm64/0.14.46:
    resolution: {integrity: sha512-9zicZ0X43WDKz3sjNfcqYO38xbfJpSWYXB+FxvYYkmBwGA52K0SAu4oKuTTLi8od8X2IIo1x5C5TUNvKDSVJww==}
    engines: {node: '>=12'}
    cpu: [arm64]
    os: [freebsd]
    requiresBuild: true
    dev: true
    optional: true

  /esbuild-linux-32/0.14.46:
    resolution: {integrity: sha512-ZnTpZMVb0VGvL99R5eh4OrJwbUyvpM6M88VAMuHP4LvFjuvZrhgefjKqEGuWZZW7JRnAjKqjXLjWdhdSjwMFnQ==}
    engines: {node: '>=12'}
    cpu: [ia32]
    os: [linux]
    requiresBuild: true
    dev: true
    optional: true

  /esbuild-linux-64/0.14.46:
    resolution: {integrity: sha512-ECCRRZtX6l4ubeVhHhiVoK/uYAkvzNqfmR4gP4N/9H9RPu+b8YCcN4bQGp7xCuYIV6Xd41WpOMyO+xpcQvjtQQ==}
    engines: {node: '>=12'}
    cpu: [x64]
    os: [linux]
    requiresBuild: true
    dev: true
    optional: true

  /esbuild-linux-arm/0.14.46:
    resolution: {integrity: sha512-RvTJEi4vj13c5FP9YPp+8Y6x6HK1E7uSqfy3y9UoeaNAzNZWA7fN1U3hQjTL/dy5zTJH5KE64mrt5k5+he+CQA==}
    engines: {node: '>=12'}
    cpu: [arm]
    os: [linux]
    requiresBuild: true
    dev: true
    optional: true

  /esbuild-linux-arm64/0.14.46:
    resolution: {integrity: sha512-HX0TXCHyI0NEWG4jg8LlW1PbZQbnz+PUH56yjx996cgM5pC90u32drKs/tyJiyyQmNk9OXOogjKw7LEdp/Qc1w==}
    engines: {node: '>=12'}
    cpu: [arm64]
    os: [linux]
    requiresBuild: true
    dev: true
    optional: true

  /esbuild-linux-mips64le/0.14.46:
    resolution: {integrity: sha512-jnb2NDwGqJUVmxn1v0f7seNdDm0nRNWHP9Z3MrWAGnBCdnnDlsjqRFDnbKoaQvWONEa+rOOr/giK+VL0hgQExA==}
    engines: {node: '>=12'}
    cpu: [mips64el]
    os: [linux]
    requiresBuild: true
    dev: true
    optional: true

  /esbuild-linux-ppc64le/0.14.46:
    resolution: {integrity: sha512-uu3JTQUrwwauKY9z8yq5MnDyOlT3f2DNOzBcYz4dB78HqwEqilCsifoBGd0WcbED5n57dc59X+LZMTZ8Ose44w==}
    engines: {node: '>=12'}
    cpu: [ppc64]
    os: [linux]
    requiresBuild: true
    dev: true
    optional: true

  /esbuild-linux-riscv64/0.14.46:
    resolution: {integrity: sha512-OB29r1EG44ZY34JnXCRERxo7k4pRKoQdaoRg2HIeCavatsXZwW4LCakpLnMQ72vXT1HtpBUABEjHkKkn5JyrUg==}
    engines: {node: '>=12'}
    cpu: [riscv64]
    os: [linux]
    requiresBuild: true
    dev: true
    optional: true

  /esbuild-linux-s390x/0.14.46:
    resolution: {integrity: sha512-XQ/U9TueMSGYyPTKyZsJVraiuvxhwCDIMn/QwFXCRCJ6H/Cy/Rq33u9qhpeSziinHKfzJROGx5A8mQY6aYamdQ==}
    engines: {node: '>=12'}
    cpu: [s390x]
    os: [linux]
    requiresBuild: true
    dev: true
    optional: true

  /esbuild-netbsd-64/0.14.46:
    resolution: {integrity: sha512-i15BwqHaAIFp1vBJkitAbHtwXcLk9TdHs/Ia1xGIAutQYXSJNPLM3Z4B4hyfHNEFl2yBqBIYpglMohv2ClNdOQ==}
    engines: {node: '>=12'}
    cpu: [x64]
    os: [netbsd]
    requiresBuild: true
    dev: true
    optional: true

  /esbuild-openbsd-64/0.14.46:
    resolution: {integrity: sha512-XwOIFCE140Y/PvjrwjFfa/QLWBuvhR1mPCOa35mKx02jt++wPNgf0qhn6HfdVC3vQe7R46RwTp4q2cp99fepEg==}
    engines: {node: '>=12'}
    cpu: [x64]
    os: [openbsd]
    requiresBuild: true
    dev: true
    optional: true

  /esbuild-sunos-64/0.14.46:
    resolution: {integrity: sha512-+kV3JnmfdxBVpHyFvuGXWtu6tXxXApOLPkSrVkMJf6+ns/3PLtPndpzwCzHjD+qYUEk8ln4MA+ufQ2qmjW5mZg==}
    engines: {node: '>=12'}
    cpu: [x64]
    os: [sunos]
    requiresBuild: true
    dev: true
    optional: true

  /esbuild-windows-32/0.14.46:
    resolution: {integrity: sha512-gzGC1Q11B/Bo5A2EX4N22oigWmhL7Z0eDyc8kbSoJjqSrGQuRE7B0uMpluO+q0O/gZ1S3zdw+M4PCWlqOIeXLA==}
    engines: {node: '>=12'}
    cpu: [ia32]
    os: [win32]
    requiresBuild: true
    dev: true
    optional: true

  /esbuild-windows-64/0.14.46:
    resolution: {integrity: sha512-Do2daaskfOjmCB7o3ygz6fD3K6SPjZLERiZLktzHz2oUCwsebKu/gmop0+j/XdrVIXC32wFzHzDS+9CTu9OShw==}
    engines: {node: '>=12'}
    cpu: [x64]
    os: [win32]
    requiresBuild: true
    dev: true
    optional: true

  /esbuild-windows-arm64/0.14.46:
    resolution: {integrity: sha512-VEzMy6bM60/HT/URTDElyhfi2Pk0quCCrEhRlI4MRno/AIqYUGw0rZwkPl6PeoqVI6BgoBHGY576GWTiPmshCA==}
    engines: {node: '>=12'}
    cpu: [arm64]
    os: [win32]
    requiresBuild: true
    dev: true
    optional: true

  /esbuild/0.14.46:
    resolution: {integrity: sha512-vdm5G1JdZBktva8dwQci/s44VbeBUg8g907xoZx77mqFZ4gU5GlMULNsdGeID+qXCXocsfYSGtE0LvqH3eiNQg==}
    engines: {node: '>=12'}
    hasBin: true
    requiresBuild: true
    optionalDependencies:
      esbuild-android-64: 0.14.46
      esbuild-android-arm64: 0.14.46
      esbuild-darwin-64: 0.14.46
      esbuild-darwin-arm64: 0.14.46
      esbuild-freebsd-64: 0.14.46
      esbuild-freebsd-arm64: 0.14.46
      esbuild-linux-32: 0.14.46
      esbuild-linux-64: 0.14.46
      esbuild-linux-arm: 0.14.46
      esbuild-linux-arm64: 0.14.46
      esbuild-linux-mips64le: 0.14.46
      esbuild-linux-ppc64le: 0.14.46
      esbuild-linux-riscv64: 0.14.46
      esbuild-linux-s390x: 0.14.46
      esbuild-netbsd-64: 0.14.46
      esbuild-openbsd-64: 0.14.46
      esbuild-sunos-64: 0.14.46
      esbuild-windows-32: 0.14.46
      esbuild-windows-64: 0.14.46
      esbuild-windows-arm64: 0.14.46
    dev: true

  /escalade/3.1.1:
    resolution: {integrity: sha512-k0er2gUkLf8O0zKJiAhmkTnJlTvINGv7ygDNPbeIsX/TJjGJZHuh9B2UxbsaEkmlEo9MfhrSzmhIlhRlI2GXnw==}
    engines: {node: '>=6'}
    dev: false

  /escape-string-regexp/1.0.5:
    resolution: {integrity: sha512-vbRorB5FUQWvla16U8R/qgaFIya2qGzwDrNmCZuYKrbdSUMG6I1ZCGQRefkRVhuOkIGVne7BQ35DSfo1qvJqFg==}
    engines: {node: '>=0.8.0'}
    dev: false

  /estree-walker/2.0.2:
    resolution: {integrity: sha512-Rfkk/Mp/DL7JVje3u18FxFujQlTNR2q6QfMSMB7AvCBx91NGj/ba3kCfza0f6dVDbw7YlRf/nDrn7pQrCCyQ/w==}
    dev: false

  /fsevents/2.3.2:
    resolution: {integrity: sha512-xiqMQR4xAeHTuB9uWm+fFRcIOgKBMiOBP+eXiyT7jsgVCq1bkVygt00oASowB7EdtpOHaaPgKt812P9ab+DDKA==}
    engines: {node: ^8.16.0 || ^10.6.0 || >=11.0.0}
    os: [darwin]
    requiresBuild: true
    dev: true
    optional: true

  /function-bind/1.1.1:
    resolution: {integrity: sha512-yIovAzMX49sF8Yl58fSCWJ5svSLuaibPxXQJFLmBObTuCr0Mf1KiPopGM9NiFjiYBCbfaa2Fh6breQ6ANVTI0A==}
    dev: true

  /gensync/1.0.0-beta.2:
    resolution: {integrity: sha512-3hN7NaskYvMDLQY55gnW3NQ+mesEAepTqlg+VEbj7zzqEMBVNhzcGYYeqFo/TlYz6eQiFcp1HcsCZO+nGgS8zg==}
    engines: {node: '>=6.9.0'}
    dev: false

  /globals/11.12.0:
    resolution: {integrity: sha512-WOBp/EEGUiIsJSp7wcv/y6MO+lV9UoncWqxuFfm8eBwzWNgyfBd6Gz+IeKQ9jCmyhoH99g15M3T+QaVHFjizVA==}
    engines: {node: '>=4'}
    dev: false

  /has-flag/3.0.0:
    resolution: {integrity: sha512-sKJf1+ceQBr4SMkvQnBDNDtf4TXpVhVGateu0t918bl30FnbE2m4vNLX+VWe/dpjlb+HugGYzW7uQXH98HPEYw==}
    engines: {node: '>=4'}
    dev: false

  /has/1.0.3:
    resolution: {integrity: sha512-f2dvO0VU6Oej7RkWJGrehjbzMAjFp5/VKPp5tTpWIV4JHHZK1/BxbFRtf/siA2SWTe09caDmVtYYzWEIbBS4zw==}
    engines: {node: '>= 0.4.0'}
    dependencies:
      function-bind: 1.1.1
    dev: true

  /import-fresh/3.3.0:
    resolution: {integrity: sha512-veYYhQa+D1QBKznvhUHxb8faxlrwUnxseDAbAp457E0wLNio2bOSKnjYDhMj+YiAq61xrMGhQk9iXVk5FzgQMw==}
    engines: {node: '>=6'}
    dependencies:
      parent-module: 1.0.1
      resolve-from: 4.0.0
    dev: false

  /is-arrayish/0.2.1:
    resolution: {integrity: sha512-zz06S8t0ozoDXMG+ube26zeCTNXcKIPJZJi8hBrF4idCLms4CG9QtK7qBl1boi5ODzFpjswb5JPmHCbMpjaYzg==}
    dev: false

  /is-core-module/2.9.0:
    resolution: {integrity: sha512-+5FPy5PnwmO3lvfMb0AsoPaBG+5KHUI0wYFXOtYPnVVVspTFUuMZNfNaNVRt3FZadstu2c8x23vykRW/NBoU6A==}
    dependencies:
      has: 1.0.3
    dev: true

  /js-tokens/4.0.0:
    resolution: {integrity: sha512-RdJUflcE3cUzKiMqQgsCu06FPu9UdIJO0beYbPhHN4k6apgJtifcoCtT9bcxOpYBtpD2kCM6Sbzg4CausW/PKQ==}
    dev: false

  /jsesc/2.5.2:
    resolution: {integrity: sha512-OYu7XEzjkCQ3C5Ps3QIZsQfNpqoJyZZA99wd9aWd05NCtC5pWOkShK2mkL6HXQR6/Cy2lbNdPlZBpuQHXE63gA==}
    engines: {node: '>=4'}
    hasBin: true
    dev: false

  /json-parse-even-better-errors/2.3.1:
    resolution: {integrity: sha512-xyFwyhro/JEof6Ghe2iz2NcXoj2sloNsWr/XsERDK/oiPCfaNhl5ONfp+jQdAZRQQ0IJWNzH9zIZF7li91kh2w==}
    dev: false

  /json5/2.2.1:
    resolution: {integrity: sha512-1hqLFMSrGHRHxav9q9gNjJ5EXznIxGVO09xQRrwplcS8qs28pZ8s8hupZAmqDwZUmVZ2Qb2jnyPOWcDH8m8dlA==}
    engines: {node: '>=6'}
    hasBin: true
    dev: false

  /lines-and-columns/1.2.4:
    resolution: {integrity: sha512-7ylylesZQ/PV29jhEDl3Ufjo6ZX7gCqJr5F7PKrqc93v7fzSymt1BpwEU8nAUXs8qzzvqhbjhK5QZg6Mt/HkBg==}
    dev: false

  /ms/2.1.2:
    resolution: {integrity: sha512-sGkPx+VjMtmA6MX27oA4FBFELFCZZ4S4XqeGOXCv68tT+jb3vk/RyaKWP0PTKyWtmLSM0b+adUTEvbs1PEaH2w==}
    dev: false

  /nanoid/3.3.4:
    resolution: {integrity: sha512-MqBkQh/OHTS2egovRtLk45wEyNXwF+cokD+1YPf9u5VfJiRdAiRwB2froX5Co9Rh20xs4siNPm8naNotSD6RBw==}
    engines: {node: ^10 || ^12 || ^13.7 || ^14 || >=15.0.1}
    hasBin: true
    dev: true

  /node-releases/2.0.4:
    resolution: {integrity: sha512-gbMzqQtTtDz/00jQzZ21PQzdI9PyLYqUSvD0p3naOhX4odFji0ZxYdnVwPTxmSwkmxhcFImpozceidSG+AgoPQ==}
    dev: false

  /parent-module/1.0.1:
    resolution: {integrity: sha512-GQ2EWRpQV8/o+Aw8YqtfZZPfNRWZYkbidE9k5rpl/hC3vtHHBfGm2Ifi6qWV+coDGkrUKZAxE3Lot5kcsRlh+g==}
    engines: {node: '>=6'}
    dependencies:
      callsites: 3.1.0
    dev: false

  /parse-json/5.2.0:
    resolution: {integrity: sha512-ayCKvm/phCGxOkYRSCM82iDwct8/EonSEgCSxWxD7ve6jHggsFl4fZVQBPRNgQoKiuV/odhFrGzQXZwbifC8Rg==}
    engines: {node: '>=8'}
    dependencies:
      '@babel/code-frame': 7.16.7
      error-ex: 1.3.2
      json-parse-even-better-errors: 2.3.1
      lines-and-columns: 1.2.4
    dev: false

  /path-parse/1.0.7:
    resolution: {integrity: sha512-LDJzPVEEEPR+y48z93A0Ed0yXb8pAByGWo/k5YYdYgpY2/2EsOsksJrq7lOHxryrVOn1ejG6oAp8ahvOIQD8sw==}
    dev: true

  /path-type/4.0.0:
    resolution: {integrity: sha512-gDKb8aZMDeD/tZWs9P6+q0J9Mwkdl6xMV8TjnGP3qJVJ06bdMgkbBlLU8IdfOsIsFz2BW1rNVT3XuNEl8zPAvw==}
    engines: {node: '>=8'}
    dev: false

  /picocolors/1.0.0:
    resolution: {integrity: sha512-1fygroTLlHu66zi26VoTDv8yRgm0Fccecssto+MhsZ0D/DGW2sm8E8AjW7NU5VVTRt5GxbeZ5qBuJr+HyLYkjQ==}

  /picomatch/2.3.1:
    resolution: {integrity: sha512-JU3teHTNjmE2VCGFzuY8EXzCDVwEqB2a8fsIvwaStHhAWJEeVd1o1QD80CU6+ZdEXXSLbSsuLwJjkCBWqRQUVA==}
    engines: {node: '>=8.6'}
    dev: false

  /postcss/8.4.14:
    resolution: {integrity: sha512-E398TUmfAYFPBSdzgeieK2Y1+1cpdxJx8yXbK/m57nRhKSmk1GB2tO4lbLBtlkfPQTDKfe4Xqv1ASWPpayPEig==}
    engines: {node: ^10 || ^12 || >=14}
    dependencies:
      nanoid: 3.3.4
      picocolors: 1.0.0
      source-map-js: 1.0.2
    dev: true

  /resolve-from/4.0.0:
    resolution: {integrity: sha512-pb/MYmXstAkysRFx8piNI1tGFNQIFA3vkE3Gq4EuA1dF6gHp/+vgZqsCGJapvy8N3Q+4o7FwvquPJcnZ7RYy4g==}
    engines: {node: '>=4'}
    dev: false

  /resolve/1.22.1:
    resolution: {integrity: sha512-nBpuuYuY5jFsli/JIs1oldw6fOQCBioohqWZg/2hiaOybXOft4lonv85uDOKXdf8rhyK159cxU5cDcK/NKk8zw==}
    hasBin: true
    dependencies:
      is-core-module: 2.9.0
      path-parse: 1.0.7
      supports-preserve-symlinks-flag: 1.0.0
    dev: true

  /rollup/2.75.7:
    resolution: {integrity: sha512-VSE1iy0eaAYNCxEXaleThdFXqZJ42qDBatAwrfnPlENEZ8erQ+0LYX4JXOLPceWfZpV1VtZwZ3dFCuOZiSyFtQ==}
    engines: {node: '>=10.0.0'}
    hasBin: true
    optionalDependencies:
      fsevents: 2.3.2
    dev: true

  /safe-buffer/5.1.2:
    resolution: {integrity: sha512-Gd2UZBJDkXlY7GbJxfsE8/nvKkUEU1G38c1siN6QP6a9PT9MmHB8GnpscSmMJSoF8LOIrt8ud/wPtojys4G6+g==}
    dev: false

  /semver/6.3.0:
    resolution: {integrity: sha512-b39TBaTSfV6yBrapU89p5fKekE2m/NwnDocOVruQFS1/veMgdzuPcnOM34M6CwxW8jH/lxEa5rBoDeUwu5HHTw==}
    hasBin: true
    dev: false

  /source-map-js/1.0.2:
    resolution: {integrity: sha512-R0XvVJ9WusLiqTCEiGCmICCMplcCkIwwR11mOSD9CR5u+IXYdiseeEuXCVAjS54zqwkLcPNnmU4OeJ6tUrWhDw==}
    engines: {node: '>=0.10.0'}
    dev: true

  /supports-color/5.5.0:
    resolution: {integrity: sha512-QjVjwdXIt408MIiAqCX4oUKsgU2EqAGzs2Ppkm4aQYbjm+ZEWEcW4SfFNTr4uMNZma0ey4f5lgLrkB0aX0QMow==}
    engines: {node: '>=4'}
    dependencies:
      has-flag: 3.0.0
    dev: false

  /supports-preserve-symlinks-flag/1.0.0:
    resolution: {integrity: sha512-ot0WnXS9fgdkgIcePe6RHNk1WA8+muPa6cSjeR3V8K27q9BB1rTE3R1p7Hv0z1ZyAc8s6Vvv8DIyWf681MAt0w==}
    engines: {node: '>= 0.4'}
    dev: true

  /svg-parser/2.0.4:
    resolution: {integrity: sha512-e4hG1hRwoOdRb37cIMSgzNsxyzKfayW6VOflrwvR+/bzrkyxY/31WkbgnQpgtrNp1SdpJvpUAGTa/ZoiPNDuRQ==}
    dev: false

  /to-fast-properties/2.0.0:
    resolution: {integrity: sha512-/OaKK0xYrs3DmxRYqL/yDc+FxFUVYhDlXMhRmv3z915w2HF1tnN1omB354j8VUGO/hbRzyD6Y3sA7v7GS/ceog==}
    engines: {node: '>=4'}
    dev: false

  /typescript/4.7.4:
    resolution: {integrity: sha512-C0WQT0gezHuw6AdY1M2jxUO83Rjf0HP7Sk1DtXj6j1EwkQNZrHAg2XPWlq62oqEhYvONq5pkC2Y9oPljWToLmQ==}
    engines: {node: '>=4.2.0'}
    hasBin: true
    dev: true

  /vite/2.9.12:
    resolution: {integrity: sha512-suxC36dQo9Rq1qMB2qiRorNJtJAdxguu5TMvBHOc/F370KvqAe9t48vYp+/TbPKRNrMh/J55tOUmkuIqstZaew==}
    engines: {node: '>=12.2.0'}
    hasBin: true
    peerDependencies:
      less: '*'
      sass: '*'
      stylus: '*'
    peerDependenciesMeta:
      less:
        optional: true
      sass:
        optional: true
      stylus:
        optional: true
    dependencies:
      esbuild: 0.14.46
      postcss: 8.4.14
      resolve: 1.22.1
      rollup: 2.75.7
    optionalDependencies:
      fsevents: 2.3.2
    dev: true

  /yaml/1.10.2:
    resolution: {integrity: sha512-r3vXyErRCYJ7wg28yvBY5VSoAF8ZvlcW9/BwUzEtUsjvX/DKs24dIkuwjtuprwJJHsbyUbLApepYTR1BN4uHrg==}
    engines: {node: '>= 6'}
    dev: false
